
Microsoft Visual Studio Solution File, Format Version 12.00
# Visual Studio Version 17
VisualStudioVersion = 17.2.32630.192
MinimumVisualStudioVersion = 10.0.40219.1
Project("{9A19103F-16F7-4668-BE54-9A1E7A4F7556}") = "MDA.Restaraunt.Booking", "MDA.Restaraunt.Booking\MDA.Restaraunt.Booking.csproj", "{67CB121A-DC6B-462C-807A-861980ADA796}"
EndProject
Project("{9A19103F-16F7-4668-BE54-9A1E7A4F7556}") = "MDA.Restaraunt.Notification", "MDA.Restaraunt.Notification\MDA.Restaraunt.Notification.csproj", "{5AA46722-592B-4E6F-83BC-3F66C82D2C59}"
EndProject
Project("{9A19103F-16F7-4668-BE54-9A1E7A4F7556}") = "MDA.Restaraunt.Messages", "MDA.Restaraunt.Messages\MDA.Restaraunt.Messages.csproj", "{D5526EC0-2E38-4BE4-9459-907836DCAFA0}"
EndProject
Project("{9A19103F-16F7-4668-BE54-9A1E7A4F7556}") = "MDA.Restaraunt.Kitchen", "MDA.Restaraunt.Kitchen\MDA.Restaraunt.Kitchen.csproj", "{2267A195-DFBF-448C-8B6B-0B5CB5C9668B}"
EndProject
Global
	GlobalSection(SolutionConfigurationPlatforms) = preSolution
		Debug|Any CPU = Debug|Any CPU
		Release|Any CPU = Release|Any CPU
	EndGlobalSection
	GlobalSection(ProjectConfigurationPlatforms) = postSolution
		{67CB121A-DC6B-462C-807A-861980ADA796}.Debug|Any CPU.ActiveCfg = Debug|Any CPU
		{67CB121A-DC6B-462C-807A-861980ADA796}.Debug|Any CPU.Build.0 = Debug|Any CPU
		{67CB121A-DC6B-462C-807A-861980ADA796}.Release|Any CPU.ActiveCfg = Release|Any CPU
		{67CB121A-DC6B-462C-807A-861980ADA796}.Release|Any CPU.Build.0 = Release|Any CPU
		{5AA46722-592B-4E6F-83BC-3F66C82D2C59}.Debug|Any CPU.ActiveCfg = Debug|Any CPU
		{5AA46722-592B-4E6F-83BC-3F66C82D2C59}.Debug|Any CPU.Build.0 = Debug|Any CPU
		{5AA46722-592B-4E6F-83BC-3F66C82D2C59}.Release|Any CPU.ActiveCfg = Release|Any CPU
		{5AA46722-592B-4E6F-83BC-3F66C82D2C59}.Release|Any CPU.Build.0 = Release|Any CPU
		{D5526EC0-2E38-4BE4-9459-907836DCAFA0}.Debug|Any CPU.ActiveCfg = Debug|Any CPU
		{D5526EC0-2E38-4BE4-9459-907836DCAFA0}.Debug|Any CPU.Build.0 = Debug|Any CPU
		{D5526EC0-2E38-4BE4-9459-907836DCAFA0}.Release|Any CPU.ActiveCfg = Release|Any CPU
		{D5526EC0-2E38-4BE4-9459-907836DCAFA0}.Release|Any CPU.Build.0 = Release|Any CPU
		{2267A195-DFBF-448C-8B6B-0B5CB5C9668B}.Debug|Any CPU.ActiveCfg = Debug|Any CPU
		{2267A195-DFBF-448C-8B6B-0B5CB5C9668B}.Debug|Any CPU.Build.0 = Debug|Any CPU
		{2267A195-DFBF-448C-8B6B-0B5CB5C9668B}.Release|Any CPU.ActiveCfg = Release|Any CPU
		{2267A195-DFBF-448C-8B6B-0B5CB5C9668B}.Release|Any CPU.Build.0 = Release|Any CPU
	EndGlobalSection
	GlobalSection(SolutionProperties) = preSolution
		HideSolutionNode = FALSE
	EndGlobalSection
	GlobalSection(ExtensibilityGlobals) = postSolution
		SolutionGuid = {642401EF-75E7-438D-A883-257E2543B817}
	EndGlobalSection
EndGlobal
